
Microsoft Visual Studio Solution File, Format Version 12.00
# Visual Studio Version 17
VisualStudioVersion = 17.14.36623.8
MinimumVisualStudioVersion = 10.0.40219.1
Project("{FAE04EC0-301F-11D3-BF4B-00C04F79EFBC}") = "SociaGraph.UI", "SociaGraph.UI.csproj", "{A21983B3-9449-4F6B-B2FD-6E3F04812C8D}"
EndProject
Project("{FAE04EC0-301F-11D3-BF4B-00C04F79EFBC}") = "SocialNetworkApp", "..\SocialNetworkApp\SocialNetworkApp\SocialNetworkApp.csproj", "{043C62B6-7CDB-4BFA-9217-A27BB2DB5DE0}"
EndProject
Global
	GlobalSection(SolutionConfigurationPlatforms) = preSolution
		Debug|Any CPU = Debug|Any CPU
		Release|Any CPU = Release|Any CPU
	EndGlobalSection
	GlobalSection(ProjectConfigurationPlatforms) = postSolution
		{A21983B3-9449-4F6B-B2FD-6E3F04812C8D}.Debug|Any CPU.ActiveCfg = Debug|Any CPU
		{A21983B3-9449-4F6B-B2FD-6E3F04812C8D}.Debug|Any CPU.Build.0 = Debug|Any CPU
		{A21983B3-9449-4F6B-B2FD-6E3F04812C8D}.Release|Any CPU.ActiveCfg = Release|Any CPU
		{A21983B3-9449-4F6B-B2FD-6E3F04812C8D}.Release|Any CPU.Build.0 = Release|Any CPU
		{043C62B6-7CDB-4BFA-9217-A27BB2DB5DE0}.Debug|Any CPU.ActiveCfg = Debug|Any CPU
		{043C62B6-7CDB-4BFA-9217-A27BB2DB5DE0}.Debug|Any CPU.Build.0 = Debug|Any CPU
		{043C62B6-7CDB-4BFA-9217-A27BB2DB5DE0}.Release|Any CPU.ActiveCfg = Release|Any CPU
		{043C62B6-7CDB-4BFA-9217-A27BB2DB5DE0}.Release|Any CPU.Build.0 = Release|Any CPU
	EndGlobalSection
	GlobalSection(SolutionProperties) = preSolution
		HideSolutionNode = FALSE
	EndGlobalSection
	GlobalSection(ExtensibilityGlobals) = postSolution
		SolutionGuid = {A8226CEC-6DA5-4DC3-8772-50BA07E08A27}
	EndGlobalSection
EndGlobal
